// !$*UTF8*$!
{
	archiveVersion = 1;
	classes = {
	};
	objectVersion = 50;
	objects = {

/* Begin PBXBuildFile section */
		9631317621F8C6FD006AC57F /* AppDelegate.swift in Sources */ = {isa = PBXBuildFile; fileRef = 9631317521F8C6FD006AC57F /* AppDelegate.swift */; };
		9631317821F8C6FD006AC57F /* ViewController.swift in Sources */ = {isa = PBXBuildFile; fileRef = 9631317721F8C6FD006AC57F /* ViewController.swift */; };
		9631317B21F8C6FD006AC57F /* Main.storyboard in Resources */ = {isa = PBXBuildFile; fileRef = 9631317921F8C6FD006AC57F /* Main.storyboard */; };
		9631317D21F8C6FE006AC57F /* Assets.xcassets in Resources */ = {isa = PBXBuildFile; fileRef = 9631317C21F8C6FE006AC57F /* Assets.xcassets */; };
		9631318021F8C6FE006AC57F /* LaunchScreen.storyboard in Resources */ = {isa = PBXBuildFile; fileRef = 9631317E21F8C6FE006AC57F /* LaunchScreen.storyboard */; };
		9631318B21F8C6FE006AC57F /* whisperTests.swift in Sources */ = {isa = PBXBuildFile; fileRef = 9631318A21F8C6FE006AC57F /* whisperTests.swift */; };
		9631319621F8C6FE006AC57F /* whisperUITests.swift in Sources */ = {isa = PBXBuildFile; fileRef = 9631319521F8C6FE006AC57F /* whisperUITests.swift */; };
/* End PBXBuildFile section */

/* Begin PBXContainerItemProxy section */
		9631318721F8C6FE006AC57F /* PBXContainerItemProxy */ = {
			isa = PBXContainerItemProxy;
			containerPortal = 9631316A21F8C6FC006AC57F /* Project object */;
			proxyType = 1;
			remoteGlobalIDString = 9631317121F8C6FC006AC57F;
			remoteInfo = whisper;
		};
		9631319221F8C6FE006AC57F /* PBXContainerItemProxy */ = {
			isa = PBXContainerItemProxy;
			containerPortal = 9631316A21F8C6FC006AC57F /* Project object */;
			proxyType = 1;
			remoteGlobalIDString = 9631317121F8C6FC006AC57F;
			remoteInfo = whisper;
		};
/* End PBXContainerItemProxy section */

/* Begin PBXFileReference section */
		9631317221F8C6FD006AC57F /* whisper.app */ = {isa = PBXFileReference; explicitFileType = wrapper.application; includeInIndex = 0; path = whisper.app; sourceTree = BUILT_PRODUCTS_DIR; };
		9631317521F8C6FD006AC57F /* AppDelegate.swift */ = {isa = PBXFileReference; lastKnownFileType = sourcecode.swift; path = AppDelegate.swift; sourceTree = "<group>"; };
		9631317721F8C6FD006AC57F /* ViewController.swift */ = {isa = PBXFileReference; lastKnownFileType = sourcecode.swift; path = ViewController.swift; sourceTree = "<group>"; };
		9631317A21F8C6FD006AC57F /* Base */ = {isa = PBXFileReference; lastKnownFileType = file.storyboard; name = Base; path = Base.lproj/Main.storyboard; sourceTree = "<group>"; };
		9631317C21F8C6FE006AC57F /* Assets.xcassets */ = {isa = PBXFileReference; lastKnownFileType = folder.assetcatalog; path = Assets.xcassets; sourceTree = "<group>"; };
		9631317F21F8C6FE006AC57F /* Base */ = {isa = PBXFileReference; lastKnownFileType = file.storyboard; name = Base; path = Base.lproj/LaunchScreen.storyboard; sourceTree = "<group>"; };
		9631318121F8C6FE006AC57F /* Info.plist */ = {isa = PBXFileReference; lastKnownFileType = text.plist.xml; path = Info.plist; sourceTree = "<group>"; };
		9631318621F8C6FE006AC57F /* whisperTests.xctest */ = {isa = PBXFileReference; explicitFileType = wrapper.cfbundle; includeInIndex = 0; path = whisperTests.xctest; sourceTree = BUILT_PRODUCTS_DIR; };
		9631318A21F8C6FE006AC57F /* whisperTests.swift */ = {isa = PBXFileReference; lastKnownFileType = sourcecode.swift; path = whisperTests.swift; sourceTree = "<group>"; };
		9631318C21F8C6FE006AC57F /* Info.plist */ = {isa = PBXFileReference; lastKnownFileType = text.plist.xml; path = Info.plist; sourceTree = "<group>"; };
		9631319121F8C6FE006AC57F /* whisperUITests.xctest */ = {isa = PBXFileReference; explicitFileType = wrapper.cfbundle; includeInIndex = 0; path = whisperUITests.xctest; sourceTree = BUILT_PRODUCTS_DIR; };
		9631319521F8C6FE006AC57F /* whisperUITests.swift */ = {isa = PBXFileReference; lastKnownFileType = sourcecode.swift; path = whisperUITests.swift; sourceTree = "<group>"; };
		9631319721F8C6FE006AC57F /* Info.plist */ = {isa = PBXFileReference; lastKnownFileType = text.plist.xml; path = Info.plist; sourceTree = "<group>"; };
/* End PBXFileReference section */

/* Begin PBXFrameworksBuildPhase section */
		9631316F21F8C6FC006AC57F /* Frameworks */ = {
			isa = PBXFrameworksBuildPhase;
			buildActionMask = 2147483647;
			files = (
			);
			runOnlyForDeploymentPostprocessing = 0;
		};
		9631318321F8C6FE006AC57F /* Frameworks */ = {
			isa = PBXFrameworksBuildPhase;
			buildActionMask = 2147483647;
			files = (
			);
			runOnlyForDeploymentPostprocessing = 0;
		};
		9631318E21F8C6FE006AC57F /* Frameworks */ = {
			isa = PBXFrameworksBuildPhase;
			buildActionMask = 2147483647;
			files = (
			);
			runOnlyForDeploymentPostprocessing = 0;
		};
/* End PBXFrameworksBuildPhase section */

/* Begin PBXGroup section */
		9631316921F8C6FC006AC57F = {
			isa = PBXGroup;
			children = (
				9631317421F8C6FD006AC57F /* whisper */,
				9631318921F8C6FE006AC57F /* whisperTests */,
				9631319421F8C6FE006AC57F /* whisperUITests */,
				9631317321F8C6FD006AC57F /* Products */,
			);
			sourceTree = "<group>";
		};
		9631317321F8C6FD006AC57F /* Products */ = {
			isa = PBXGroup;
			children = (
				9631317221F8C6FD006AC57F /* whisper.app */,
				9631318621F8C6FE006AC57F /* whisperTests.xctest */,
				9631319121F8C6FE006AC57F /* whisperUITests.xctest */,
			);
			name = Products;
			sourceTree = "<group>";
		};
		9631317421F8C6FD006AC57F /* whisper */ = {
			isa = PBXGroup;
			children = (
				9631317521F8C6FD006AC57F /* AppDelegate.swift */,
				9631317721F8C6FD006AC57F /* ViewController.swift */,
				9631317921F8C6FD006AC57F /* Main.storyboard */,
				9631317C21F8C6FE006AC57F /* Assets.xcassets */,
				9631317E21F8C6FE006AC57F /* LaunchScreen.storyboard */,
				9631318121F8C6FE006AC57F /* Info.plist */,
			);
			path = whisper;
			sourceTree = "<group>";
		};
		9631318921F8C6FE006AC57F /* whisperTests */ = {
			isa = PBXGroup;
			children = (
				9631318A21F8C6FE006AC57F /* whisperTests.swift */,
				9631318C21F8C6FE006AC57F /* Info.plist */,
			);
			path = whisperTests;
			sourceTree = "<group>";
		};
		9631319421F8C6FE006AC57F /* whisperUITests */ = {
			isa = PBXGroup;
			children = (
				9631319521F8C6FE006AC57F /* whisperUITests.swift */,
				9631319721F8C6FE006AC57F /* Info.plist */,
			);
			path = whisperUITests;
			sourceTree = "<group>";
		};
/* End PBXGroup section */

/* Begin PBXNativeTarget section */
		9631317121F8C6FC006AC57F /* whisper */ = {
			isa = PBXNativeTarget;
			buildConfigurationList = 9631319A21F8C6FE006AC57F /* Build configuration list for PBXNativeTarget "whisper" */;
			buildPhases = (
				9631316E21F8C6FC006AC57F /* Sources */,
				9631316F21F8C6FC006AC57F /* Frameworks */,
				9631317021F8C6FC006AC57F /* Resources */,
			);
			buildRules = (
			);
			dependencies = (
			);
			name = whisper;
			productName = whisper;
			productReference = 9631317221F8C6FD006AC57F /* whisper.app */;
			productType = "com.apple.product-type.application";
		};
		9631318521F8C6FE006AC57F /* whisperTests */ = {
			isa = PBXNativeTarget;
			buildConfigurationList = 9631319D21F8C6FE006AC57F /* Build configuration list for PBXNativeTarget "whisperTests" */;
			buildPhases = (
				9631318221F8C6FE006AC57F /* Sources */,
				9631318321F8C6FE006AC57F /* Frameworks */,
				9631318421F8C6FE006AC57F /* Resources */,
			);
			buildRules = (
			);
			dependencies = (
				9631318821F8C6FE006AC57F /* PBXTargetDependency */,
			);
			name = whisperTests;
			productName = whisperTests;
			productReference = 9631318621F8C6FE006AC57F /* whisperTests.xctest */;
			productType = "com.apple.product-type.bundle.unit-test";
		};
		9631319021F8C6FE006AC57F /* whisperUITests */ = {
			isa = PBXNativeTarget;
			buildConfigurationList = 963131A021F8C6FE006AC57F /* Build configuration list for PBXNativeTarget "whisperUITests" */;
			buildPhases = (
				9631318D21F8C6FE006AC57F /* Sources */,
				9631318E21F8C6FE006AC57F /* Frameworks */,
				9631318F21F8C6FE006AC57F /* Resources */,
			);
			buildRules = (
			);
			dependencies = (
				9631319321F8C6FE006AC57F /* PBXTargetDependency */,
			);
			name = whisperUITests;
			productName = whisperUITests;
			productReference = 9631319121F8C6FE006AC57F /* whisperUITests.xctest */;
			productType = "com.apple.product-type.bundle.ui-testing";
		};
/* End PBXNativeTarget section */

/* Begin PBXProject section */
		9631316A21F8C6FC006AC57F /* Project object */ = {
			isa = PBXProject;
			attributes = {
				LastSwiftUpdateCheck = 1010;
				LastUpgradeCheck = 1010;
				ORGANIZATIONNAME = "Marco Antonio Martínez Gutiérrez";
				TargetAttributes = {
					9631317121F8C6FC006AC57F = {
						CreatedOnToolsVersion = 10.1;
					};
					9631318521F8C6FE006AC57F = {
						CreatedOnToolsVersion = 10.1;
						TestTargetID = 9631317121F8C6FC006AC57F;
					};
					9631319021F8C6FE006AC57F = {
						CreatedOnToolsVersion = 10.1;
						TestTargetID = 9631317121F8C6FC006AC57F;
					};
				};
			};
			buildConfigurationList = 9631316D21F8C6FC006AC57F /* Build configuration list for PBXProject "whisper" */;
			compatibilityVersion = "Xcode 9.3";
			developmentRegion = en;
			hasScannedForEncodings = 0;
			knownRegions = (
				en,
				Base,
			);
			mainGroup = 9631316921F8C6FC006AC57F;
			productRefGroup = 9631317321F8C6FD006AC57F /* Products */;
			projectDirPath = "";
			projectRoot = "";
			targets = (
				9631317121F8C6FC006AC57F /* whisper */,
				9631318521F8C6FE006AC57F /* whisperTests */,
				9631319021F8C6FE006AC57F /* whisperUITests */,
			);
		};
/* End PBXProject section */

/* Begin PBXResourcesBuildPhase section */
		9631317021F8C6FC006AC57F /* Resources */ = {
			isa = PBXResourcesBuildPhase;
			buildActionMask = 2147483647;
			files = (
				9631318021F8C6FE006AC57F /* LaunchScreen.storyboard in Resources */,
				9631317D21F8C6FE006AC57F /* Assets.xcassets in Resources */,
				9631317B21F8C6FD006AC57F /* Main.storyboard in Resources */,
			);
			runOnlyForDeploymentPostprocessing = 0;
		};
		9631318421F8C6FE006AC57F /* Resources */ = {
			isa = PBXResourcesBuildPhase;
			buildActionMask = 2147483647;
			files = (
			);
			runOnlyForDeploymentPostprocessing = 0;
		};
		9631318F21F8C6FE006AC57F /* Resources */ = {
			isa = PBXResourcesBuildPhase;
			buildActionMask = 2147483647;
			files = (
			);
			runOnlyForDeploymentPostprocessing = 0;
		};
/* End PBXResourcesBuildPhase section */

/* Begin PBXSourcesBuildPhase section */
		9631316E21F8C6FC006AC57F /* Sources */ = {
			isa = PBXSourcesBuildPhase;
			buildActionMask = 2147483647;
			files = (
				9631317821F8C6FD006AC57F /* ViewController.swift in Sources */,
				9631317621F8C6FD006AC57F /* AppDelegate.swift in Sources */,
			);
			runOnlyForDeploymentPostprocessing = 0;
		};
		9631318221F8C6FE006AC57F /* Sources */ = {
			isa = PBXSourcesBuildPhase;
			buildActionMask = 2147483647;
			files = (
				9631318B21F8C6FE006AC57F /* whisperTests.swift in Sources */,
			);
			runOnlyForDeploymentPostprocessing = 0;
		};
		9631318D21F8C6FE006AC57F /* Sources */ = {
			isa = PBXSourcesBuildPhase;
			buildActionMask = 2147483647;
			files = (
				9631319621F8C6FE006AC57F /* whisperUITests.swift in Sources */,
			);
			runOnlyForDeploymentPostprocessing = 0;
		};
/* End PBXSourcesBuildPhase section */

/* Begin PBXTargetDependency section */
		9631318821F8C6FE006AC57F /* PBXTargetDependency */ = {
			isa = PBXTargetDependency;
			target = 9631317121F8C6FC006AC57F /* whisper */;
			targetProxy = 9631318721F8C6FE006AC57F /* PBXContainerItemProxy */;
		};
		9631319321F8C6FE006AC57F /* PBXTargetDependency */ = {
			isa = PBXTargetDependency;
			target = 9631317121F8C6FC006AC57F /* whisper */;
			targetProxy = 9631319221F8C6FE006AC57F /* PBXContainerItemProxy */;
		};
/* End PBXTargetDependency section */

/* Begin PBXVariantGroup section */
		9631317921F8C6FD006AC57F /* Main.storyboard */ = {
			isa = PBXVariantGroup;
			children = (
				9631317A21F8C6FD006AC57F /* Base */,
			);
			name = Main.storyboard;
			sourceTree = "<group>";
		};
		9631317E21F8C6FE006AC57F /* LaunchScreen.storyboard */ = {
			isa = PBXVariantGroup;
			children = (
				9631317F21F8C6FE006AC57F /* Base */,
			);
			name = LaunchScreen.storyboard;
			sourceTree = "<group>";
		};
/* End PBXVariantGroup section */

/* Begin XCBuildConfiguration section */
		9631319821F8C6FE006AC57F /* Debug */ = {
			isa = XCBuildConfiguration;
			buildSettings = {
				ALWAYS_SEARCH_USER_PATHS = NO;
				CLANG_ANALYZER_NONNULL = YES;
				CLANG_ANALYZER_NUMBER_OBJECT_CONVERSION = YES_AGGRESSIVE;
				CLANG_CXX_LANGUAGE_STANDARD = "gnu++14";
				CLANG_CXX_LIBRARY = "libc++";
				CLANG_ENABLE_MODULES = YES;
				CLANG_ENABLE_OBJC_ARC = YES;
				CLANG_ENABLE_OBJC_WEAK = YES;
				CLANG_WARN_BLOCK_CAPTURE_AUTORELEASING = YES;
				CLANG_WARN_BOOL_CONVERSION = YES;
				CLANG_WARN_COMMA = YES;
				CLANG_WARN_CONSTANT_CONVERSION = YES;
				CLANG_WARN_DEPRECATED_OBJC_IMPLEMENTATIONS = YES;
				CLANG_WARN_DIRECT_OBJC_ISA_USAGE = YES_ERROR;
				CLANG_WARN_DOCUMENTATION_COMMENTS = YES;
				CLANG_WARN_EMPTY_BODY = YES;
				CLANG_WARN_ENUM_CONVERSION = YES;
				CLANG_WARN_INFINITE_RECURSION = YES;
				CLANG_WARN_INT_CONVERSION = YES;
				CLANG_WARN_NON_LITERAL_NULL_CONVERSION = YES;
				CLANG_WARN_OBJC_IMPLICIT_RETAIN_SELF = YES;
				CLANG_WARN_OBJC_LITERAL_CONVERSION = YES;
				CLANG_WARN_OBJC_ROOT_CLASS = YES_ERROR;
				CLANG_WARN_RANGE_LOOP_ANALYSIS = YES;
				CLANG_WARN_STRICT_PROTOTYPES = YES;
				CLANG_WARN_SUSPICIOUS_MOVE = YES;
				CLANG_WARN_UNGUARDED_AVAILABILITY = YES_AGGRESSIVE;
				CLANG_WARN_UNREACHABLE_CODE = YES;
				CLANG_WARN__DUPLICATE_METHOD_MATCH = YES;
				CODE_SIGN_IDENTITY = "iPhone Developer";
				COPY_PHASE_STRIP = NO;
				DEBUG_INFORMATION_FORMAT = dwarf;
				ENABLE_STRICT_OBJC_MSGSEND = YES;
				ENABLE_TESTABILITY = YES;
				GCC_C_LANGUAGE_STANDARD = gnu11;
				GCC_DYNAMIC_NO_PIC = NO;
				GCC_NO_COMMON_BLOCKS = YES;
				GCC_OPTIMIZATION_LEVEL = 0;
				GCC_PREPROCESSOR_DEFINITIONS = (
					"DEBUG=1",
					"$(inherited)",
				);
				GCC_WARN_64_TO_32_BIT_CONVERSION = YES;
				GCC_WARN_ABOUT_RETURN_TYPE = YES_ERROR;
				GCC_WARN_UNDECLARED_SELECTOR = YES;
				GCC_WARN_UNINITIALIZED_AUTOS = YES_AGGRESSIVE;
				GCC_WARN_UNUSED_FUNCTION = YES;
				GCC_WARN_UNUSED_VARIABLE = YES;
				IPHONEOS_DEPLOYMENT_TARGET = 12.1;
				MTL_ENABLE_DEBUG_INFO = INCLUDE_SOURCE;
				MTL_FAST_MATH = YES;
				ONLY_ACTIVE_ARCH = YES;
				SDKROOT = iphoneos;
				SWIFT_ACTIVE_COMPILATION_CONDITIONS = DEBUG;
				SWIFT_OPTIMIZATION_LEVEL = "-Onone";
			};
			name = Debug;
		};
		9631319921F8C6FE006AC57F /* Release */ = {
			isa = XCBuildConfiguration;
			buildSettings = {
				ALWAYS_SEARCH_USER_PATHS = NO;
				CLANG_ANALYZER_NONNULL = YES;
				CLANG_ANALYZER_NUMBER_OBJECT_CONVERSION = YES_AGGRESSIVE;
				CLANG_CXX_LANGUAGE_STANDARD = "gnu++14";
				CLANG_CXX_LIBRARY = "libc++";
				CLANG_ENABLE_MODULES = YES;
				CLANG_ENABLE_OBJC_ARC = YES;
				CLANG_ENABLE_OBJC_WEAK = YES;
				CLANG_WARN_BLOCK_CAPTURE_AUTORELEASING = YES;
				CLANG_WARN_BOOL_CONVERSION = YES;
				CLANG_WARN_COMMA = YES;
				CLANG_WARN_CONSTANT_CONVERSION = YES;
				CLANG_WARN_DEPRECATED_OBJC_IMPLEMENTATIONS = YES;
				CLANG_WARN_DIRECT_OBJC_ISA_USAGE = YES_ERROR;
				CLANG_WARN_DOCUMENTATION_COMMENTS = YES;
				CLANG_WARN_EMPTY_BODY = YES;
				CLANG_WARN_ENUM_CONVERSION = YES;
				CLANG_WARN_INFINITE_RECURSION = YES;
				CLANG_WARN_INT_CONVERSION = YES;
				CLANG_WARN_NON_LITERAL_NULL_CONVERSION = YES;
				CLANG_WARN_OBJC_IMPLICIT_RETAIN_SELF = YES;
				CLANG_WARN_OBJC_LITERAL_CONVERSION = YES;
				CLANG_WARN_OBJC_ROOT_CLASS = YES_ERROR;
				CLANG_WARN_RANGE_LOOP_ANALYSIS = YES;
				CLANG_WARN_STRICT_PROTOTYPES = YES;
				CLANG_WARN_SUSPICIOUS_MOVE = YES;
				CLANG_WARN_UNGUARDED_AVAILABILITY = YES_AGGRESSIVE;
				CLANG_WARN_UNREACHABLE_CODE = YES;
				CLANG_WARN__DUPLICATE_METHOD_MATCH = YES;
				CODE_SIGN_IDENTITY = "iPhone Developer";
				COPY_PHASE_STRIP = NO;
				DEBUG_INFORMATION_FORMAT = "dwarf-with-dsym";
				ENABLE_NS_ASSERTIONS = NO;
				ENABLE_STRICT_OBJC_MSGSEND = YES;
				GCC_C_LANGUAGE_STANDARD = gnu11;
				GCC_NO_COMMON_BLOCKS = YES;
				GCC_WARN_64_TO_32_BIT_CONVERSION = YES;
				GCC_WARN_ABOUT_RETURN_TYPE = YES_ERROR;
				GCC_WARN_UNDECLARED_SELECTOR = YES;
				GCC_WARN_UNINITIALIZED_AUTOS = YES_AGGRESSIVE;
				GCC_WARN_UNUSED_FUNCTION = YES;
				GCC_WARN_UNUSED_VARIABLE = YES;
				IPHONEOS_DEPLOYMENT_TARGET = 12.1;
				MTL_ENABLE_DEBUG_INFO = NO;
				MTL_FAST_MATH = YES;
				SDKROOT = iphoneos;
				SWIFT_COMPILATION_MODE = wholemodule;
				SWIFT_OPTIMIZATION_LEVEL = "-O";
				VALIDATE_PRODUCT = YES;
			};
			name = Release;
		};
		9631319B21F8C6FE006AC57F /* Debug */ = {
			isa = XCBuildConfiguration;
			buildSettings = {
				ASSETCATALOG_COMPILER_APPICON_NAME = AppIcon;
				CODE_SIGN_STYLE = Automatic;
				DEVELOPMENT_TEAM = DV7FW9GC9J;
				INFOPLIST_FILE = whisper/Info.plist;
				LD_RUNPATH_SEARCH_PATHS = (
					"$(inherited)",
					"@executable_path/Frameworks",
				);
				PRODUCT_BUNDLE_IDENTIFIER = mx.jamadev.whisper;
				PRODUCT_NAME = "$(TARGET_NAME)";
				SWIFT_VERSION = 4.2;
				TARGETED_DEVICE_FAMILY = "1,2";
			};
			name = Debug;
		};
		9631319C21F8C6FE006AC57F /* Release */ = {
			isa = XCBuildConfiguration;
			buildSettings = {
				ASSETCATALOG_COMPILER_APPICON_NAME = AppIcon;
				CODE_SIGN_STYLE = Automatic;
				DEVELOPMENT_TEAM = DV7FW9GC9J;
				INFOPLIST_FILE = whisper/Info.plist;
				LD_RUNPATH_SEARCH_PATHS = (
					"$(inherited)",
					"@executable_path/Frameworks",
				);
				PRODUCT_BUNDLE_IDENTIFIER = mx.jamadev.whisper;
				PRODUCT_NAME = "$(TARGET_NAME)";
				SWIFT_VERSION = 4.2;
				TARGETED_DEVICE_FAMILY = "1,2";
			};
			name = Release;
		};
		9631319E21F8C6FE006AC57F /* Debug */ = {
			isa = XCBuildConfiguration;
			buildSettings = {
				ALWAYS_EMBED_SWIFT_STANDARD_LIBRARIES = YES;
				BUNDLE_LOADER = "$(TEST_HOST)";
				CODE_SIGN_STYLE = Automatic;
				DEVELOPMENT_TEAM = DV7FW9GC9J;
				INFOPLIST_FILE = whisperTests/Info.plist;
				LD_RUNPATH_SEARCH_PATHS = (
					"$(inherited)",
					"@executable_path/Frameworks",
					"@loader_path/Frameworks",
				);
				PRODUCT_BUNDLE_IDENTIFIER = mx.jamadev.whisperTests;
				PRODUCT_NAME = "$(TARGET_NAME)";
				SWIFT_VERSION = 4.2;
				TARGETED_DEVICE_FAMILY = "1,2";
				TEST_HOST = "$(BUILT_PRODUCTS_DIR)/whisper.app/whisper";
			};
			name = Debug;
		};
		9631319F21F8C6FE006AC57F /* Release */ = {
			isa = XCBuildConfiguration;
			buildSettings = {
				ALWAYS_EMBED_SWIFT_STANDARD_LIBRARIES = YES;
				BUNDLE_LOADER = "$(TEST_HOST)";
				CODE_SIGN_STYLE = Automatic;
				DEVELOPMENT_TEAM = DV7FW9GC9J;
				INFOPLIST_FILE = whisperTests/Info.plist;
				LD_RUNPATH_SEARCH_PATHS = (
					"$(inherited)",
					"@executable_path/Frameworks",
					"@loader_path/Frameworks",
				);
				PRODUCT_BUNDLE_IDENTIFIER = mx.jamadev.whisperTests;
				PRODUCT_NAME = "$(TARGET_NAME)";
				SWIFT_VERSION = 4.2;
				TARGETED_DEVICE_FAMILY = "1,2";
				TEST_HOST = "$(BUILT_PRODUCTS_DIR)/whisper.app/whisper";
			};
			name = Release;
		};
		963131A121F8C6FE006AC57F /* Debug */ = {
			isa = XCBuildConfiguration;
			buildSettings = {
				ALWAYS_EMBED_SWIFT_STANDARD_LIBRARIES = YES;
				CODE_SIGN_STYLE = Automatic;
				DEVELOPMENT_TEAM = DV7FW9GC9J;
				INFOPLIST_FILE = whisperUITests/Info.plist;
				LD_RUNPATH_SEARCH_PATHS = (
					"$(inherited)",
					"@executable_path/Frameworks",
					"@loader_path/Frameworks",
				);
				PRODUCT_BUNDLE_IDENTIFIER = mx.jamadev.whisperUITests;
				PRODUCT_NAME = "$(TARGET_NAME)";
				SWIFT_VERSION = 4.2;
				TARGETED_DEVICE_FAMILY = "1,2";
				TEST_TARGET_NAME = whisper;
			};
			name = Debug;
		};
		963131A221F8C6FE006AC57F /* Release */ = {
			isa = XCBuildConfiguration;
			buildSettings = {
				ALWAYS_EMBED_SWIFT_STANDARD_LIBRARIES = YES;
				CODE_SIGN_STYLE = Automatic;
				DEVELOPMENT_TEAM = DV7FW9GC9J;
				INFOPLIST_FILE = whisperUITests/Info.plist;
				LD_RUNPATH_SEARCH_PATHS = (
					"$(inherited)",
					"@executable_path/Frameworks",
					"@loader_path/Frameworks",
				);
				PRODUCT_BUNDLE_IDENTIFIER = mx.jamadev.whisperUITests;
				PRODUCT_NAME = "$(TARGET_NAME)";
				SWIFT_VERSION = 4.2;
				TARGETED_DEVICE_FAMILY = "1,2";
				TEST_TARGET_NAME = whisper;
			};
			name = Release;
		};
/* End XCBuildConfiguration section */

/* Begin XCConfigurationList section */
		9631316D21F8C6FC006AC57F /* Build configuration list for PBXProject "whisper" */ = {
			isa = XCConfigurationList;
			buildConfigurations = (
				9631319821F8C6FE006AC57F /* Debug */,
				9631319921F8C6FE006AC57F /* Release */,
			);
			defaultConfigurationIsVisible = 0;
			defaultConfigurationName = Release;
		};
		9631319A21F8C6FE006AC57F /* Build configuration list for PBXNativeTarget "whisper" */ = {
			isa = XCConfigurationList;
			buildConfigurations = (
				9631319B21F8C6FE006AC57F /* Debug */,
				9631319C21F8C6FE006AC57F /* Release */,
			);
			defaultConfigurationIsVisible = 0;
			defaultConfigurationName = Release;
		};
		9631319D21F8C6FE006AC57F /* Build configuration list for PBXNativeTarget "whisperTests" */ = {
			isa = XCConfigurationList;
			buildConfigurations = (
				9631319E21F8C6FE006AC57F /* Debug */,
				9631319F21F8C6FE006AC57F /* Release */,
			);
			defaultConfigurationIsVisible = 0;
			defaultConfigurationName = Release;
		};
		963131A021F8C6FE006AC57F /* Build configuration list for PBXNativeTarget "whisperUITests" */ = {
			isa = XCConfigurationList;
			buildConfigurations = (
				963131A121F8C6FE006AC57F /* Debug */,
				963131A221F8C6FE006AC57F /* Release */,
			);
			defaultConfigurationIsVisible = 0;
			defaultConfigurationName = Release;
		};
/* End XCConfigurationList section */
	};
	rootObject = 9631316A21F8C6FC006AC57F /* Project object */;
}
